# THIS IS AN AUTOGENERATED FILE. DO NOT EDIT THIS FILE DIRECTLY.
# yarn lockfile v1


prettier@^1.17.0:
  version "1.17.0"
  resolved "https://registry.yarnpkg.com/prettier/-/prettier-1.17.0.tgz#53b303676eed22cc14a9f0cec09b477b3026c008"
  integrity sha512-sXe5lSt2WQlCbydGETgfm1YBShgOX4HxQkFPvbxkcwgDvGDeqVau8h+12+lmSVlP3rHPz0oavfddSZg/q+Szjw==

tsc-pnp@^0.1.0:
  version "0.1.0"
  resolved "https://registry.yarnpkg.com/tsc-pnp/-/tsc-pnp-0.1.0.tgz#a81bccc158e9a2e4461f01ea4abdcd331badf992"
  integrity sha512-vseG51dfVXrGEUlS4aA1/n8AjNVleVYosBU57RJ3e4WieEeuXsdph/v7FgYzP0PagvtAUAFZf03rzYBg9YvOcw==
  dependencies:
    tslib "^1.9.3"

tslib@^1.9.3:
  version "1.9.3"
  resolved "https://registry.yarnpkg.com/tslib/-/tslib-1.9.3.tgz#d7e4dd79245d85428c4d7e4822a79917954ca286"
  integrity sha512-4krF8scpejhaOgqzBEcGM7yDIEfi0/8+8zDRZhNZZ2kjmHJ4hv3zCbQWxoJGz1iw5U0Jl0nma13xzHXcncMavQ==

typescript-pnp-plugin@^0.1.0:
  version "0.1.0"
  resolved "https://registry.yarnpkg.com/typescript-pnp-plugin/-/typescript-pnp-plugin-0.1.0.tgz#9653259fb0e50e909e6920e115a73b9edb8afb86"
  integrity sha512-eFk4ZB8NEKJWZMiYK9Ypo0bCXIZFM13vIR5rG5zRZJP6u7qssIkPogkMSQXCy9Mx29t1hdLNrcBIEzgNfRGY6A==
  dependencies:
    tsc-pnp "^0.1.0"
    tslib "^1.9.3"
